
Microsoft Visual Studio Solution File, Format Version 12.00
# Visual Studio 15
VisualStudioVersion = 15.0.27130.2027
MinimumVisualStudioVersion = 10.0.40219.1
Project("{FAE04EC0-301F-11D3-BF4B-00C04F79EFBC}") = "LaPaco.Android", "LaPaco\LaPaco.Android\LaPaco.Android.csproj", "{EB1847BC-E342-4C67-A618-F9AEE56FA34A}"
EndProject
Project("{FAE04EC0-301F-11D3-BF4B-00C04F79EFBC}") = "LaPaco.iOS", "LaPaco\LaPaco.iOS\LaPaco.iOS.csproj", "{9AD3ABE1-33F6-41F2-9906-1FF80DCB4F85}"
EndProject
Project("{9A19103F-16F7-4668-BE54-9A1E7A4F7556}") = "LaPaco", "LaPaco\LaPaco\LaPaco.csproj", "{EC7442CF-4DAB-490A-932A-9AC9A5D90F0B}"
EndProject
Project("{FAE04EC0-301F-11D3-BF4B-00C04F79EFBC}") = "LaPaco.Repository.EF", "LaPaco\LaPaco.Repository.EF\LaPaco.Repository.EF.csproj", "{1D372727-173F-4827-9B4E-EBCBCC92DA23}"
EndProject
Project("{FAE04EC0-301F-11D3-BF4B-00C04F79EFBC}") = "LaPaco.Models", "LaPaco\LaPaco.Models\LaPaco.Models.csproj", "{95DFEFC8-2AD4-40BC-8257-8D46086E7EC3}"
EndProject
Project("{FAE04EC0-301F-11D3-BF4B-00C04F79EFBC}") = "LaPaco.Repository", "LaPaco\LaPaco.Repository\LaPaco.Repository.csproj", "{F5BD42D6-18ED-47EA-A847-5BDDC0C35FDF}"
EndProject
Global
	GlobalSection(SolutionConfigurationPlatforms) = preSolution
		Ad-Hoc|Any CPU = Ad-Hoc|Any CPU
		Ad-Hoc|iPhone = Ad-Hoc|iPhone
		Ad-Hoc|iPhoneSimulator = Ad-Hoc|iPhoneSimulator
		AppStore|Any CPU = AppStore|Any CPU
		AppStore|iPhone = AppStore|iPhone
		AppStore|iPhoneSimulator = AppStore|iPhoneSimulator
		Debug|Any CPU = Debug|Any CPU
		Debug|iPhone = Debug|iPhone
		Debug|iPhoneSimulator = Debug|iPhoneSimulator
		Release|Any CPU = Release|Any CPU
		Release|iPhone = Release|iPhone
		Release|iPhoneSimulator = Release|iPhoneSimulator
	EndGlobalSection
	GlobalSection(ProjectConfigurationPlatforms) = postSolution
		{EB1847BC-E342-4C67-A618-F9AEE56FA34A}.Ad-Hoc|Any CPU.ActiveCfg = Release|Any CPU
		{EB1847BC-E342-4C67-A618-F9AEE56FA34A}.Ad-Hoc|Any CPU.Build.0 = Release|Any CPU
		{EB1847BC-E342-4C67-A618-F9AEE56FA34A}.Ad-Hoc|Any CPU.Deploy.0 = Release|Any CPU
		{EB1847BC-E342-4C67-A618-F9AEE56FA34A}.Ad-Hoc|iPhone.ActiveCfg = Release|Any CPU
		{EB1847BC-E342-4C67-A618-F9AEE56FA34A}.Ad-Hoc|iPhone.Build.0 = Release|Any CPU
		{EB1847BC-E342-4C67-A618-F9AEE56FA34A}.Ad-Hoc|iPhone.Deploy.0 = Release|Any CPU
		{EB1847BC-E342-4C67-A618-F9AEE56FA34A}.Ad-Hoc|iPhoneSimulator.ActiveCfg = Release|Any CPU
		{EB1847BC-E342-4C67-A618-F9AEE56FA34A}.Ad-Hoc|iPhoneSimulator.Build.0 = Release|Any CPU
		{EB1847BC-E342-4C67-A618-F9AEE56FA34A}.Ad-Hoc|iPhoneSimulator.Deploy.0 = Release|Any CPU
		{EB1847BC-E342-4C67-A618-F9AEE56FA34A}.AppStore|Any CPU.ActiveCfg = Release|Any CPU
		{EB1847BC-E342-4C67-A618-F9AEE56FA34A}.AppStore|Any CPU.Build.0 = Release|Any CPU
		{EB1847BC-E342-4C67-A618-F9AEE56FA34A}.AppStore|Any CPU.Deploy.0 = Release|Any CPU
		{EB1847BC-E342-4C67-A618-F9AEE56FA34A}.AppStore|iPhone.ActiveCfg = Release|Any CPU
		{EB1847BC-E342-4C67-A618-F9AEE56FA34A}.AppStore|iPhone.Build.0 = Release|Any CPU
		{EB1847BC-E342-4C67-A618-F9AEE56FA34A}.AppStore|iPhone.Deploy.0 = Release|Any CPU
		{EB1847BC-E342-4C67-A618-F9AEE56FA34A}.AppStore|iPhoneSimulator.ActiveCfg = Release|Any CPU
		{EB1847BC-E342-4C67-A618-F9AEE56FA34A}.AppStore|iPhoneSimulator.Build.0 = Release|Any CPU
		{EB1847BC-E342-4C67-A618-F9AEE56FA34A}.AppStore|iPhoneSimulator.Deploy.0 = Release|Any CPU
		{EB1847BC-E342-4C67-A618-F9AEE56FA34A}.Debug|Any CPU.ActiveCfg = Debug|Any CPU
		{EB1847BC-E342-4C67-A618-F9AEE56FA34A}.Debug|Any CPU.Build.0 = Debug|Any CPU
		{EB1847BC-E342-4C67-A618-F9AEE56FA34A}.Debug|Any CPU.Deploy.0 = Debug|Any CPU
		{EB1847BC-E342-4C67-A618-F9AEE56FA34A}.Debug|iPhone.ActiveCfg = Debug|Any CPU
		{EB1847BC-E342-4C67-A618-F9AEE56FA34A}.Debug|iPhone.Build.0 = Debug|Any CPU
		{EB1847BC-E342-4C67-A618-F9AEE56FA34A}.Debug|iPhone.Deploy.0 = Debug|Any CPU
		{EB1847BC-E342-4C67-A618-F9AEE56FA34A}.Debug|iPhoneSimulator.ActiveCfg = Debug|Any CPU
		{EB1847BC-E342-4C67-A618-F9AEE56FA34A}.Debug|iPhoneSimulator.Build.0 = Debug|Any CPU
		{EB1847BC-E342-4C67-A618-F9AEE56FA34A}.Debug|iPhoneSimulator.Deploy.0 = Debug|Any CPU
		{EB1847BC-E342-4C67-A618-F9AEE56FA34A}.Release|Any CPU.ActiveCfg = Release|Any CPU
		{EB1847BC-E342-4C67-A618-F9AEE56FA34A}.Release|Any CPU.Build.0 = Release|Any CPU
		{EB1847BC-E342-4C67-A618-F9AEE56FA34A}.Release|Any CPU.Deploy.0 = Release|Any CPU
		{EB1847BC-E342-4C67-A618-F9AEE56FA34A}.Release|iPhone.ActiveCfg = Release|Any CPU
		{EB1847BC-E342-4C67-A618-F9AEE56FA34A}.Release|iPhone.Build.0 = Release|Any CPU
		{EB1847BC-E342-4C67-A618-F9AEE56FA34A}.Release|iPhone.Deploy.0 = Release|Any CPU
		{EB1847BC-E342-4C67-A618-F9AEE56FA34A}.Release|iPhoneSimulator.ActiveCfg = Release|Any CPU
		{EB1847BC-E342-4C67-A618-F9AEE56FA34A}.Release|iPhoneSimulator.Build.0 = Release|Any CPU
		{EB1847BC-E342-4C67-A618-F9AEE56FA34A}.Release|iPhoneSimulator.Deploy.0 = Release|Any CPU
		{9AD3ABE1-33F6-41F2-9906-1FF80DCB4F85}.Ad-Hoc|Any CPU.ActiveCfg = Ad-Hoc|iPhone
		{9AD3ABE1-33F6-41F2-9906-1FF80DCB4F85}.Ad-Hoc|iPhone.ActiveCfg = Ad-Hoc|iPhone
		{9AD3ABE1-33F6-41F2-9906-1FF80DCB4F85}.Ad-Hoc|iPhone.Build.0 = Ad-Hoc|iPhone
		{9AD3ABE1-33F6-41F2-9906-1FF80DCB4F85}.Ad-Hoc|iPhoneSimulator.ActiveCfg = Ad-Hoc|iPhoneSimulator
		{9AD3ABE1-33F6-41F2-9906-1FF80DCB4F85}.Ad-Hoc|iPhoneSimulator.Build.0 = Ad-Hoc|iPhoneSimulator
		{9AD3ABE1-33F6-41F2-9906-1FF80DCB4F85}.AppStore|Any CPU.ActiveCfg = AppStore|iPhone
		{9AD3ABE1-33F6-41F2-9906-1FF80DCB4F85}.AppStore|iPhone.ActiveCfg = AppStore|iPhone
		{9AD3ABE1-33F6-41F2-9906-1FF80DCB4F85}.AppStore|iPhone.Build.0 = AppStore|iPhone
		{9AD3ABE1-33F6-41F2-9906-1FF80DCB4F85}.AppStore|iPhoneSimulator.ActiveCfg = AppStore|iPhoneSimulator
		{9AD3ABE1-33F6-41F2-9906-1FF80DCB4F85}.AppStore|iPhoneSimulator.Build.0 = AppStore|iPhoneSimulator
		{9AD3ABE1-33F6-41F2-9906-1FF80DCB4F85}.Debug|Any CPU.ActiveCfg = Debug|iPhone
		{9AD3ABE1-33F6-41F2-9906-1FF80DCB4F85}.Debug|iPhone.ActiveCfg = Debug|iPhone
		{9AD3ABE1-33F6-41F2-9906-1FF80DCB4F85}.Debug|iPhone.Build.0 = Debug|iPhone
		{9AD3ABE1-33F6-41F2-9906-1FF80DCB4F85}.Debug|iPhoneSimulator.ActiveCfg = Debug|iPhoneSimulator
		{9AD3ABE1-33F6-41F2-9906-1FF80DCB4F85}.Debug|iPhoneSimulator.Build.0 = Debug|iPhoneSimulator
		{9AD3ABE1-33F6-41F2-9906-1FF80DCB4F85}.Release|Any CPU.ActiveCfg = Release|iPhone
		{9AD3ABE1-33F6-41F2-9906-1FF80DCB4F85}.Release|iPhone.ActiveCfg = Release|iPhone
		{9AD3ABE1-33F6-41F2-9906-1FF80DCB4F85}.Release|iPhone.Build.0 = Release|iPhone
		{9AD3ABE1-33F6-41F2-9906-1FF80DCB4F85}.Release|iPhoneSimulator.ActiveCfg = Release|iPhoneSimulator
		{9AD3ABE1-33F6-41F2-9906-1FF80DCB4F85}.Release|iPhoneSimulator.Build.0 = Release|iPhoneSimulator
		{EC7442CF-4DAB-490A-932A-9AC9A5D90F0B}.Ad-Hoc|Any CPU.ActiveCfg = Debug|Any CPU
		{EC7442CF-4DAB-490A-932A-9AC9A5D90F0B}.Ad-Hoc|Any CPU.Build.0 = Debug|Any CPU
		{EC7442CF-4DAB-490A-932A-9AC9A5D90F0B}.Ad-Hoc|iPhone.ActiveCfg = Debug|Any CPU
		{EC7442CF-4DAB-490A-932A-9AC9A5D90F0B}.Ad-Hoc|iPhone.Build.0 = Debug|Any CPU
		{EC7442CF-4DAB-490A-932A-9AC9A5D90F0B}.Ad-Hoc|iPhoneSimulator.ActiveCfg = Debug|Any CPU
		{EC7442CF-4DAB-490A-932A-9AC9A5D90F0B}.Ad-Hoc|iPhoneSimulator.Build.0 = Debug|Any CPU
		{EC7442CF-4DAB-490A-932A-9AC9A5D90F0B}.AppStore|Any CPU.ActiveCfg = Debug|Any CPU
		{EC7442CF-4DAB-490A-932A-9AC9A5D90F0B}.AppStore|Any CPU.Build.0 = Debug|Any CPU
		{EC7442CF-4DAB-490A-932A-9AC9A5D90F0B}.AppStore|iPhone.ActiveCfg = Debug|Any CPU
		{EC7442CF-4DAB-490A-932A-9AC9A5D90F0B}.AppStore|iPhone.Build.0 = Debug|Any CPU
		{EC7442CF-4DAB-490A-932A-9AC9A5D90F0B}.AppStore|iPhoneSimulator.ActiveCfg = Debug|Any CPU
		{EC7442CF-4DAB-490A-932A-9AC9A5D90F0B}.AppStore|iPhoneSimulator.Build.0 = Debug|Any CPU
		{EC7442CF-4DAB-490A-932A-9AC9A5D90F0B}.Debug|Any CPU.ActiveCfg = Debug|Any CPU
		{EC7442CF-4DAB-490A-932A-9AC9A5D90F0B}.Debug|Any CPU.Build.0 = Debug|Any CPU
		{EC7442CF-4DAB-490A-932A-9AC9A5D90F0B}.Debug|iPhone.ActiveCfg = Debug|Any CPU
		{EC7442CF-4DAB-490A-932A-9AC9A5D90F0B}.Debug|iPhone.Build.0 = Debug|Any CPU
		{EC7442CF-4DAB-490A-932A-9AC9A5D90F0B}.Debug|iPhoneSimulator.ActiveCfg = Debug|Any CPU
		{EC7442CF-4DAB-490A-932A-9AC9A5D90F0B}.Debug|iPhoneSimulator.Build.0 = Debug|Any CPU
		{EC7442CF-4DAB-490A-932A-9AC9A5D90F0B}.Release|Any CPU.ActiveCfg = Release|Any CPU
		{EC7442CF-4DAB-490A-932A-9AC9A5D90F0B}.Release|Any CPU.Build.0 = Release|Any CPU
		{EC7442CF-4DAB-490A-932A-9AC9A5D90F0B}.Release|iPhone.ActiveCfg = Release|Any CPU
		{EC7442CF-4DAB-490A-932A-9AC9A5D90F0B}.Release|iPhone.Build.0 = Release|Any CPU
		{EC7442CF-4DAB-490A-932A-9AC9A5D90F0B}.Release|iPhoneSimulator.ActiveCfg = Release|Any CPU
		{EC7442CF-4DAB-490A-932A-9AC9A5D90F0B}.Release|iPhoneSimulator.Build.0 = Release|Any CPU
		{1D372727-173F-4827-9B4E-EBCBCC92DA23}.Ad-Hoc|Any CPU.ActiveCfg = Debug|Any CPU
		{1D372727-173F-4827-9B4E-EBCBCC92DA23}.Ad-Hoc|Any CPU.Build.0 = Debug|Any CPU
		{1D372727-173F-4827-9B4E-EBCBCC92DA23}.Ad-Hoc|iPhone.ActiveCfg = Debug|Any CPU
		{1D372727-173F-4827-9B4E-EBCBCC92DA23}.Ad-Hoc|iPhone.Build.0 = Debug|Any CPU
		{1D372727-173F-4827-9B4E-EBCBCC92DA23}.Ad-Hoc|iPhoneSimulator.ActiveCfg = Debug|Any CPU
		{1D372727-173F-4827-9B4E-EBCBCC92DA23}.Ad-Hoc|iPhoneSimulator.Build.0 = Debug|Any CPU
		{1D372727-173F-4827-9B4E-EBCBCC92DA23}.AppStore|Any CPU.ActiveCfg = Debug|Any CPU
		{1D372727-173F-4827-9B4E-EBCBCC92DA23}.AppStore|Any CPU.Build.0 = Debug|Any CPU
		{1D372727-173F-4827-9B4E-EBCBCC92DA23}.AppStore|iPhone.ActiveCfg = Debug|Any CPU
		{1D372727-173F-4827-9B4E-EBCBCC92DA23}.AppStore|iPhone.Build.0 = Debug|Any CPU
		{1D372727-173F-4827-9B4E-EBCBCC92DA23}.AppStore|iPhoneSimulator.ActiveCfg = Debug|Any CPU
		{1D372727-173F-4827-9B4E-EBCBCC92DA23}.AppStore|iPhoneSimulator.Build.0 = Debug|Any CPU
		{1D372727-173F-4827-9B4E-EBCBCC92DA23}.Debug|Any CPU.ActiveCfg = Debug|Any CPU
		{1D372727-173F-4827-9B4E-EBCBCC92DA23}.Debug|Any CPU.Build.0 = Debug|Any CPU
		{1D372727-173F-4827-9B4E-EBCBCC92DA23}.Debug|iPhone.ActiveCfg = Debug|Any CPU
		{1D372727-173F-4827-9B4E-EBCBCC92DA23}.Debug|iPhone.Build.0 = Debug|Any CPU
		{1D372727-173F-4827-9B4E-EBCBCC92DA23}.Debug|iPhoneSimulator.ActiveCfg = Debug|Any CPU
		{1D372727-173F-4827-9B4E-EBCBCC92DA23}.Debug|iPhoneSimulator.Build.0 = Debug|Any CPU
		{1D372727-173F-4827-9B4E-EBCBCC92DA23}.Release|Any CPU.ActiveCfg = Release|Any CPU
		{1D372727-173F-4827-9B4E-EBCBCC92DA23}.Release|Any CPU.Build.0 = Release|Any CPU
		{1D372727-173F-4827-9B4E-EBCBCC92DA23}.Release|iPhone.ActiveCfg = Release|Any CPU
		{1D372727-173F-4827-9B4E-EBCBCC92DA23}.Release|iPhone.Build.0 = Release|Any CPU
		{1D372727-173F-4827-9B4E-EBCBCC92DA23}.Release|iPhoneSimulator.ActiveCfg = Release|Any CPU
		{1D372727-173F-4827-9B4E-EBCBCC92DA23}.Release|iPhoneSimulator.Build.0 = Release|Any CPU
		{95DFEFC8-2AD4-40BC-8257-8D46086E7EC3}.Ad-Hoc|Any CPU.ActiveCfg = Debug|Any CPU
		{95DFEFC8-2AD4-40BC-8257-8D46086E7EC3}.Ad-Hoc|Any CPU.Build.0 = Debug|Any CPU
		{95DFEFC8-2AD4-40BC-8257-8D46086E7EC3}.Ad-Hoc|iPhone.ActiveCfg = Debug|Any CPU
		{95DFEFC8-2AD4-40BC-8257-8D46086E7EC3}.Ad-Hoc|iPhone.Build.0 = Debug|Any CPU
		{95DFEFC8-2AD4-40BC-8257-8D46086E7EC3}.Ad-Hoc|iPhoneSimulator.ActiveCfg = Debug|Any CPU
		{95DFEFC8-2AD4-40BC-8257-8D46086E7EC3}.Ad-Hoc|iPhoneSimulator.Build.0 = Debug|Any CPU
		{95DFEFC8-2AD4-40BC-8257-8D46086E7EC3}.AppStore|Any CPU.ActiveCfg = Debug|Any CPU
		{95DFEFC8-2AD4-40BC-8257-8D46086E7EC3}.AppStore|Any CPU.Build.0 = Debug|Any CPU
		{95DFEFC8-2AD4-40BC-8257-8D46086E7EC3}.AppStore|iPhone.ActiveCfg = Debug|Any CPU
		{95DFEFC8-2AD4-40BC-8257-8D46086E7EC3}.AppStore|iPhone.Build.0 = Debug|Any CPU
		{95DFEFC8-2AD4-40BC-8257-8D46086E7EC3}.AppStore|iPhoneSimulator.ActiveCfg = Debug|Any CPU
		{95DFEFC8-2AD4-40BC-8257-8D46086E7EC3}.AppStore|iPhoneSimulator.Build.0 = Debug|Any CPU
		{95DFEFC8-2AD4-40BC-8257-8D46086E7EC3}.Debug|Any CPU.ActiveCfg = Debug|Any CPU
		{95DFEFC8-2AD4-40BC-8257-8D46086E7EC3}.Debug|Any CPU.Build.0 = Debug|Any CPU
		{95DFEFC8-2AD4-40BC-8257-8D46086E7EC3}.Debug|iPhone.ActiveCfg = Debug|Any CPU
		{95DFEFC8-2AD4-40BC-8257-8D46086E7EC3}.Debug|iPhone.Build.0 = Debug|Any CPU
		{95DFEFC8-2AD4-40BC-8257-8D46086E7EC3}.Debug|iPhoneSimulator.ActiveCfg = Debug|Any CPU
		{95DFEFC8-2AD4-40BC-8257-8D46086E7EC3}.Debug|iPhoneSimulator.Build.0 = Debug|Any CPU
		{95DFEFC8-2AD4-40BC-8257-8D46086E7EC3}.Release|Any CPU.ActiveCfg = Release|Any CPU
		{95DFEFC8-2AD4-40BC-8257-8D46086E7EC3}.Release|Any CPU.Build.0 = Release|Any CPU
		{95DFEFC8-2AD4-40BC-8257-8D46086E7EC3}.Release|iPhone.ActiveCfg = Release|Any CPU
		{95DFEFC8-2AD4-40BC-8257-8D46086E7EC3}.Release|iPhone.Build.0 = Release|Any CPU
		{95DFEFC8-2AD4-40BC-8257-8D46086E7EC3}.Release|iPhoneSimulator.ActiveCfg = Release|Any CPU
		{95DFEFC8-2AD4-40BC-8257-8D46086E7EC3}.Release|iPhoneSimulator.Build.0 = Release|Any CPU
		{F5BD42D6-18ED-47EA-A847-5BDDC0C35FDF}.Ad-Hoc|Any CPU.ActiveCfg = Debug|Any CPU
		{F5BD42D6-18ED-47EA-A847-5BDDC0C35FDF}.Ad-Hoc|Any CPU.Build.0 = Debug|Any CPU
		{F5BD42D6-18ED-47EA-A847-5BDDC0C35FDF}.Ad-Hoc|iPhone.ActiveCfg = Debug|Any CPU
		{F5BD42D6-18ED-47EA-A847-5BDDC0C35FDF}.Ad-Hoc|iPhone.Build.0 = Debug|Any CPU
		{F5BD42D6-18ED-47EA-A847-5BDDC0C35FDF}.Ad-Hoc|iPhoneSimulator.ActiveCfg = Debug|Any CPU
		{F5BD42D6-18ED-47EA-A847-5BDDC0C35FDF}.Ad-Hoc|iPhoneSimulator.Build.0 = Debug|Any CPU
		{F5BD42D6-18ED-47EA-A847-5BDDC0C35FDF}.AppStore|Any CPU.ActiveCfg = Debug|Any CPU
		{F5BD42D6-18ED-47EA-A847-5BDDC0C35FDF}.AppStore|Any CPU.Build.0 = Debug|Any CPU
		{F5BD42D6-18ED-47EA-A847-5BDDC0C35FDF}.AppStore|iPhone.ActiveCfg = Debug|Any CPU
		{F5BD42D6-18ED-47EA-A847-5BDDC0C35FDF}.AppStore|iPhone.Build.0 = Debug|Any CPU
		{F5BD42D6-18ED-47EA-A847-5BDDC0C35FDF}.AppStore|iPhoneSimulator.ActiveCfg = Debug|Any CPU
		{F5BD42D6-18ED-47EA-A847-5BDDC0C35FDF}.AppStore|iPhoneSimulator.Build.0 = Debug|Any CPU
		{F5BD42D6-18ED-47EA-A847-5BDDC0C35FDF}.Debug|Any CPU.ActiveCfg = Debug|Any CPU
		{F5BD42D6-18ED-47EA-A847-5BDDC0C35FDF}.Debug|Any CPU.Build.0 = Debug|Any CPU
		{F5BD42D6-18ED-47EA-A847-5BDDC0C35FDF}.Debug|iPhone.ActiveCfg = Debug|Any CPU
		{F5BD42D6-18ED-47EA-A847-5BDDC0C35FDF}.Debug|iPhone.Build.0 = Debug|Any CPU
		{F5BD42D6-18ED-47EA-A847-5BDDC0C35FDF}.Debug|iPhoneSimulator.ActiveCfg = Debug|Any CPU
		{F5BD42D6-18ED-47EA-A847-5BDDC0C35FDF}.Debug|iPhoneSimulator.Build.0 = Debug|Any CPU
		{F5BD42D6-18ED-47EA-A847-5BDDC0C35FDF}.Release|Any CPU.ActiveCfg = Release|Any CPU
		{F5BD42D6-18ED-47EA-A847-5BDDC0C35FDF}.Release|Any CPU.Build.0 = Release|Any CPU
		{F5BD42D6-18ED-47EA-A847-5BDDC0C35FDF}.Release|iPhone.ActiveCfg = Release|Any CPU
		{F5BD42D6-18ED-47EA-A847-5BDDC0C35FDF}.Release|iPhone.Build.0 = Release|Any CPU
		{F5BD42D6-18ED-47EA-A847-5BDDC0C35FDF}.Release|iPhoneSimulator.ActiveCfg = Release|Any CPU
		{F5BD42D6-18ED-47EA-A847-5BDDC0C35FDF}.Release|iPhoneSimulator.Build.0 = Release|Any CPU
	EndGlobalSection
	GlobalSection(SolutionProperties) = preSolution
		HideSolutionNode = FALSE
	EndGlobalSection
	GlobalSection(ExtensibilityGlobals) = postSolution
		SolutionGuid = {39EBE0F8-561F-4359-8CB8-94B7D8E93E38}
	EndGlobalSection
EndGlobal
